<?xml version="1.0" encoding="utf-8"?>
<Project ToolsVersion="4.0" xmlns="http://schemas.microsoft.com/developer/msbuild/2003">
  <ItemGroup>
    <Filter Include="Vantus">
      <UniqueIdentifier>{664294D7-52E4-BEAD-3B9F-D20127E045FE}</UniqueIdentifier>
    </Filter>
  </ItemGroup>
  <ItemGroup>
    <ClInclude Include="src\Vantus.h" />
    <ClInclude Include="src\Vantus\Application.h">
      <Filter>Vantus</Filter>
    </ClInclude>
    <ClInclude Include="src\Vantus\Core.h">
      <Filter>Vantus</Filter>
    </ClInclude>
    <ClInclude Include="src\Vantus\EntryPoint.h">
      <Filter>Vantus</Filter>
    </ClInclude>
    <ClInclude Include="src\Vantus\Log.h">
      <Filter>Vantus</Filter>
    </ClInclude>
  </ItemGroup>
  <ItemGroup>
    <ClCompile Include="src\Vantus\Application.cpp">
      <Filter>Vantus</Filter>
    </ClCompile>
  </ItemGroup>
</Project>